<?xml version="1.0" encoding="utf-8"?>
<Project ToolsVersion="4.0" xmlns="http://schemas.microsoft.com/developer/msbuild/2003">
  <ItemGroup>
    <Filter Include="Source Files">
      <UniqueIdentifier>{4FC737F1-C7A5-4376-A066-2A32D752A2FF}</UniqueIdentifier>
      <Extensions>cpp;cxx;c;def</Extensions>
    </Filter>
    <Filter Include="Header Files">
      <UniqueIdentifier>{93995380-89BD-4b04-88EB-625FBE52EBFB}</UniqueIdentifier>
      <Extensions>h</Extensions>
    </Filter>
    <Filter Include="Form Files">
      <UniqueIdentifier>{99349809-55BA-4b9d-BF79-8FDBB0286EB3}</UniqueIdentifier>
      <Extensions>ui</Extensions>
    </Filter>
    <Filter Include="Resource Files">
      <UniqueIdentifier>{D9D6E242-F8AF-46E4-B9FD-80ECBC20BA3E}</UniqueIdentifier>
      <Extensions>qrc;*</Extensions>
      <ParseFiles>false</ParseFiles>
    </Filter>
    <Filter Include="Generated Files">
      <UniqueIdentifier>{71ED8ED8-ACB9-4CE9-BBE1-E00B30144E11}</UniqueIdentifier>
      <Extensions>moc;h;cpp</Extensions>
      <SourceControlFiles>False</SourceControlFiles>
    </Filter>
    <Filter Include="Generated Files\Release">
      <UniqueIdentifier>{5c7f3291-463e-4aef-bb45-7a617954823c}</UniqueIdentifier>
      <Extensions>cpp;moc</Extensions>
      <SourceControlFiles>False</SourceControlFiles>
    </Filter>
    <Filter Include="Generated Files\Debug">
      <UniqueIdentifier>{e572c3af-09e3-4a1d-8cc3-bf8016cfecc0}</UniqueIdentifier>
      <Extensions>cpp;moc</Extensions>
      <SourceControlFiles>False</SourceControlFiles>
    </Filter>
  </ItemGroup>
  <ItemGroup>
    <ClCompile Include="aboutdialog.cpp">
      <Filter>Source Files</Filter>
    </ClCompile>
    <ClCompile Include="Agent.cpp">
      <Filter>Source Files</Filter>
    </ClCompile>
    <ClCompile Include="AgentDisplay.cpp">
      <Filter>Source Files</Filter>
    </ClCompile>
    <ClCompile Include="Animation.cpp">
      <Filter>Source Files</Filter>
    </ClCompile>
    <ClCompile Include="BehaviorCamera.cpp">
      <Filter>Source Files</Filter>
    </ClCompile>
    <ClCompile Include="BehaviorGlWidget.cpp">
      <Filter>Source Files</Filter>
    </ClCompile>
    <ClCompile Include="BehaviorSimulation.cpp">
      <Filter>Source Files</Filter>
    </ClCompile>
    <ClCompile Include="Camera.cpp">
      <Filter>Source Files</Filter>
    </ClCompile>
    <ClCompile Include="controlpaneldialog.cpp">
      <Filter>Source Files</Filter>
    </ClCompile>
    <ClCompile Include="edge.cpp">
      <Filter>Source Files</Filter>
    </ClCompile>
    <ClCompile Include="Environment.cpp">
      <Filter>Source Files</Filter>
    </ClCompile>
    <ClCompile Include="glwidget.cpp">
      <Filter>Source Files</Filter>
    </ClCompile>
    <ClCompile Include="graphicsscene.cpp">
      <Filter>Source Files</Filter>
    </ClCompile>
    <ClCompile Include="graphwidget.cpp">
      <Filter>Source Files</Filter>
    </ClCompile>
    <ClCompile Include="interpolationdialog.cpp">
      <Filter>Source Files</Filter>
    </ClCompile>
    <ClCompile Include="main.cpp">
      <Filter>Source Files</Filter>
    </ClCompile>
    <ClCompile Include="mainwindow.cpp">
      <Filter>Source Files</Filter>
    </ClCompile>
    <ClCompile Include="node.cpp">
      <Filter>Source Files</Filter>
    </ClCompile>
    <ClCompile Include="OpenGLViewer.cpp">
      <Filter>Source Files</Filter>
    </ClCompile>
    <ClCompile Include="ParticleGLWidget.cpp">
      <Filter>Source Files</Filter>
    </ClCompile>
    <ClCompile Include="ParticleSystem.cpp">
      <Filter>Source Files</Filter>
    </ClCompile>
    <ClCompile Include="qgraphicsitem.cpp">
      <Filter>Source Files</Filter>
    </ClCompile>
    <ClCompile Include="Rocket.cpp">
      <Filter>Source Files</Filter>
    </ClCompile>
    <ClCompile Include="Simulation.cpp">
      <Filter>Source Files</Filter>
    </ClCompile>
    <ClCompile Include="skeletondialog.cpp">
      <Filter>Source Files</Filter>
    </ClCompile>
    <ClCompile Include="Spark.cpp">
      <Filter>Source Files</Filter>
    </ClCompile>
    <ClCompile Include="spline.cpp">
      <Filter>Source Files</Filter>
    </ClCompile>
    <ClCompile Include="Transformation.cpp">
      <Filter>Source Files</Filter>
    </ClCompile>
    <ClCompile Include="GeneratedFiles\qrc_Resource.cpp">
      <Filter>Generated Files</Filter>
    </ClCompile>
    <ClCompile Include="GeneratedFiles\Release\moc_aboutdialog.cpp">
      <Filter>Generated Files\Release</Filter>
    </ClCompile>
    <ClCompile Include="GeneratedFiles\Release\moc_BehaviorGlWidget.cpp">
      <Filter>Generated Files\Release</Filter>
    </ClCompile>
    <ClCompile Include="GeneratedFiles\Release\moc_controlpaneldialog.cpp">
      <Filter>Generated Files\Release</Filter>
    </ClCompile>
    <ClCompile Include="GeneratedFiles\Release\moc_glwidget.cpp">
      <Filter>Generated Files\Release</Filter>
    </ClCompile>
    <ClCompile Include="GeneratedFiles\Release\moc_graphicsscene.cpp">
      <Filter>Generated Files\Release</Filter>
    </ClCompile>
    <ClCompile Include="GeneratedFiles\Release\moc_graphwidget.cpp">
      <Filter>Generated Files\Release</Filter>
    </ClCompile>
    <ClCompile Include="GeneratedFiles\Release\moc_interpolationdialog.cpp">
      <Filter>Generated Files\Release</Filter>
    </ClCompile>
    <ClCompile Include="GeneratedFiles\Release\moc_mainwindow.cpp">
      <Filter>Generated Files\Release</Filter>
    </ClCompile>
    <ClCompile Include="GeneratedFiles\Release\moc_ParticleGlWidget.cpp">
      <Filter>Generated Files\Release</Filter>
    </ClCompile>
    <ClCompile Include="GeneratedFiles\Release\moc_skeletondialog.cpp">
      <Filter>Generated Files\Release</Filter>
    </ClCompile>
    <ClCompile Include="GeneratedFiles\Debug\moc_aboutdialog.cpp">
      <Filter>Generated Files\Debug</Filter>
    </ClCompile>
    <ClCompile Include="GeneratedFiles\Debug\moc_BehaviorGlWidget.cpp">
      <Filter>Generated Files\Debug</Filter>
    </ClCompile>
    <ClCompile Include="GeneratedFiles\Debug\moc_controlpaneldialog.cpp">
      <Filter>Generated Files\Debug</Filter>
    </ClCompile>
    <ClCompile Include="GeneratedFiles\Debug\moc_glwidget.cpp">
      <Filter>Generated Files\Debug</Filter>
    </ClCompile>
    <ClCompile Include="GeneratedFiles\Debug\moc_graphicsscene.cpp">
      <Filter>Generated Files\Debug</Filter>
    </ClCompile>
    <ClCompile Include="GeneratedFiles\Debug\moc_graphwidget.cpp">
      <Filter>Generated Files\Debug</Filter>
    </ClCompile>
    <ClCompile Include="GeneratedFiles\Debug\moc_interpolationdialog.cpp">
      <Filter>Generated Files\Debug</Filter>
    </ClCompile>
    <ClCompile Include="GeneratedFiles\Debug\moc_mainwindow.cpp">
      <Filter>Generated Files\Debug</Filter>
    </ClCompile>
    <ClCompile Include="GeneratedFiles\Debug\moc_ParticleGlWidget.cpp">
      <Filter>Generated Files\Debug</Filter>
    </ClCompile>
    <ClCompile Include="GeneratedFiles\Debug\moc_skeletondialog.cpp">
      <Filter>Generated Files\Debug</Filter>
    </ClCompile>
  </ItemGroup>
  <ItemGroup>
    <ClInclude Include="Agent.h">
      <Filter>Header Files</Filter>
    </ClInclude>
    <ClInclude Include="AgentDisplay.h">
      <Filter>Header Files</Filter>
    </ClInclude>
    <ClInclude Include="Animation.h">
      <Filter>Header Files</Filter>
    </ClInclude>
    <ClInclude Include="BehaviorCamera.h">
      <Filter>Header Files</Filter>
    </ClInclude>
    <ClInclude Include="BehaviorSimulation.h">
      <Filter>Header Files</Filter>
    </ClInclude>
    <ClInclude Include="Camera.h">
      <Filter>Header Files</Filter>
    </ClInclude>
    <ClInclude Include="edge.h">
      <Filter>Header Files</Filter>
    </ClInclude>
    <ClInclude Include="enums.h">
      <Filter>Header Files</Filter>
    </ClInclude>
    <ClInclude Include="Environment.h">
      <Filter>Header Files</Filter>
    </ClInclude>
    <ClInclude Include="node.h">
      <Filter>Header Files</Filter>
    </ClInclude>
    <ClInclude Include="OpenGLViewer.h">
      <Filter>Header Files</Filter>
    </ClInclude>
    <ClInclude Include="ParticleSystem.h">
      <Filter>Header Files</Filter>
    </ClInclude>
    <ClInclude Include="qgraphicsitem.h">
      <Filter>Header Files</Filter>
    </ClInclude>
    <ClInclude Include="Rocket.h">
      <Filter>Header Files</Filter>
    </ClInclude>
    <ClInclude Include="Simulation.h">
      <Filter>Header Files</Filter>
    </ClInclude>
    <ClInclude Include="Spark.h">
      <Filter>Header Files</Filter>
    </ClInclude>
    <ClInclude Include="spline.h">
      <Filter>Header Files</Filter>
    </ClInclude>
    <ClInclude Include="SvzMatrix.h">
      <Filter>Header Files</Filter>
    </ClInclude>
    <ClInclude Include="Transformation.h">
      <Filter>Header Files</Filter>
    </ClInclude>
    <ClInclude Include="ui_aboutdialog.h">
      <Filter>Header Files</Filter>
    </ClInclude>
    <ClInclude Include="ui_controlpaneldialog.h">
      <Filter>Header Files</Filter>
    </ClInclude>
    <ClInclude Include="ui_interpolationdialog.h">
      <Filter>Header Files</Filter>
    </ClInclude>
    <ClInclude Include="ui_mainwindow.h">
      <Filter>Header Files</Filter>
    </ClInclude>
    <ClInclude Include="ui_skeletondialog.h">
      <Filter>Header Files</Filter>
    </ClInclude>
  </ItemGroup>
  <ItemGroup>
    <CustomBuildStep Include="images\Background.png">
      <Filter>Resource Files</Filter>
    </CustomBuildStep>
    <CustomBuildStep Include="images\Blend.png">
      <Filter>Resource Files</Filter>
    </CustomBuildStep>
    <CustomBuildStep Include="images\Camera.png">
      <Filter>Resource Files</Filter>
    </CustomBuildStep>
    <CustomBuildStep Include="images\Control.png">
      <Filter>Resource Files</Filter>
    </CustomBuildStep>
    <CustomBuildStep Include="images\Correct.png">
      <Filter>Resource Files</Filter>
    </CustomBuildStep>
    <CustomBuildStep Include="images\Icon.png">
      <Filter>Resource Files</Filter>
    </CustomBuildStep>
    <CustomBuildStep Include="images\IK.png">
      <Filter>Resource Files</Filter>
    </CustomBuildStep>
    <CustomBuildStep Include="images\Line.png">
      <Filter>Resource Files</Filter>
    </CustomBuildStep>
    <CustomBuildStep Include="images\Open.png">
      <Filter>Resource Files</Filter>
    </CustomBuildStep>
    <CustomBuildStep Include="images\Pause.png">
      <Filter>Resource Files</Filter>
    </CustomBuildStep>
    <CustomBuildStep Include="images\Play.png">
      <Filter>Resource Files</Filter>
    </CustomBuildStep>
    <CustomBuildStep Include="images\PlayBack.png">
      <Filter>Resource Files</Filter>
    </CustomBuildStep>
    <CustomBuildStep Include="images\Save.png">
      <Filter>Resource Files</Filter>
    </CustomBuildStep>
    <CustomBuildStep Include="images\skeleton.png">
      <Filter>Resource Files</Filter>
    </CustomBuildStep>
    <CustomBuildStep Include="images\StepBack.png">
      <Filter>Resource Files</Filter>
    </CustomBuildStep>
    <CustomBuildStep Include="images\StepForward.png">
      <Filter>Resource Files</Filter>
    </CustomBuildStep>
  </ItemGroup>
  <ItemGroup>
    <CustomBuild Include="aboutdialog.h">
      <Filter>Header Files</Filter>
    </CustomBuild>
    <CustomBuild Include="BehaviorGlWidget.h">
      <Filter>Header Files</Filter>
    </CustomBuild>
    <CustomBuild Include="controlpaneldialog.h">
      <Filter>Header Files</Filter>
    </CustomBuild>
    <CustomBuild Include="glwidget.h">
      <Filter>Header Files</Filter>
    </CustomBuild>
    <CustomBuild Include="graphicsscene.h">
      <Filter>Header Files</Filter>
    </CustomBuild>
    <CustomBuild Include="graphwidget.h">
      <Filter>Header Files</Filter>
    </CustomBuild>
    <CustomBuild Include="interpolationdialog.h">
      <Filter>Header Files</Filter>
    </CustomBuild>
    <CustomBuild Include="mainwindow.h">
      <Filter>Header Files</Filter>
    </CustomBuild>
    <CustomBuild Include="ParticleGlWidget.h">
      <Filter>Header Files</Filter>
    </CustomBuild>
    <CustomBuild Include="skeletondialog.h">
      <Filter>Header Files</Filter>
    </CustomBuild>
    <CustomBuild Include="Resource.qrc">
      <Filter>Resource Files</Filter>
    </CustomBuild>
  </ItemGroup>
</Project>