
Microsoft Visual Studio Solution File, Format Version 11.00
# Visual Studio 2010
Project("{8BC9CEB8-8B4A-11D0-8D11-00A0C91BC942}") = "CurveEditor", "CurveEditor.vcxproj", "{F7807756-F1D3-41E5-BDA2-E3B09D7B9872}"
EndProject
Global
	GlobalSection(SolutionConfigurationPlatforms) = preSolution
		Debug|Win32 = Debug|Win32
		Release|Win32 = Release|Win32
	EndGlobalSection
	GlobalSection(ProjectConfigurationPlatforms) = postSolution
		{F7807756-F1D3-41E5-BDA2-E3B09D7B9872}.Debug|Win32.ActiveCfg = Debug|Win32
		{F7807756-F1D3-41E5-BDA2-E3B09D7B9872}.Debug|Win32.Build.0 = Debug|Win32
		{F7807756-F1D3-41E5-BDA2-E3B09D7B9872}.Release|Win32.ActiveCfg = Release|Win32
		{F7807756-F1D3-41E5-BDA2-E3B09D7B9872}.Release|Win32.Build.0 = Release|Win32
	EndGlobalSection
	GlobalSection(SolutionProperties) = preSolution
		HideSolutionNode = FALSE
	EndGlobalSection
EndGlobal
